// !$*UTF8*$!
{
	archiveVersion = 1;
	classes = {
	};
	objectVersion = 46;
	objects = {

/* Begin PBXBuildFile section */
		A71A223819CD7548008D4E75 /* AppDelegate.swift in Sources */ = {isa = PBXBuildFile; fileRef = A71A223719CD7548008D4E75 /* AppDelegate.swift */; };
		A71A223A19CD7548008D4E75 /* ViewController.swift in Sources */ = {isa = PBXBuildFile; fileRef = A71A223919CD7548008D4E75 /* ViewController.swift */; };
		A71A223D19CD7548008D4E75 /* Main.storyboard in Resources */ = {isa = PBXBuildFile; fileRef = A71A223B19CD7548008D4E75 /* Main.storyboard */; };
		A71A223F19CD7548008D4E75 /* Images.xcassets in Resources */ = {isa = PBXBuildFile; fileRef = A71A223E19CD7548008D4E75 /* Images.xcassets */; };
		A71A224219CD7548008D4E75 /* LaunchScreen.xib in Resources */ = {isa = PBXBuildFile; fileRef = A71A224019CD7548008D4E75 /* LaunchScreen.xib */; };
		A71A224E19CD7548008D4E75 /* ImagesTests.swift in Sources */ = {isa = PBXBuildFile; fileRef = A71A224D19CD7548008D4E75 /* ImagesTests.swift */; };
		A71A225C19CD7663008D4E75 /* alien1.png in Resources */ = {isa = PBXBuildFile; fileRef = A71A225719CD7662008D4E75 /* alien1.png */; };
		A71A225D19CD7663008D4E75 /* alien2.png in Resources */ = {isa = PBXBuildFile; fileRef = A71A225819CD7663008D4E75 /* alien2.png */; };
		A71A225E19CD7663008D4E75 /* alien3.png in Resources */ = {isa = PBXBuildFile; fileRef = A71A225919CD7663008D4E75 /* alien3.png */; };
		A71A225F19CD7663008D4E75 /* alien4.png in Resources */ = {isa = PBXBuildFile; fileRef = A71A225A19CD7663008D4E75 /* alien4.png */; };
		A71A226019CD7663008D4E75 /* alien5.png in Resources */ = {isa = PBXBuildFile; fileRef = A71A225B19CD7663008D4E75 /* alien5.png */; };
/* End PBXBuildFile section */

/* Begin PBXContainerItemProxy section */
		A71A224819CD7548008D4E75 /* PBXContainerItemProxy */ = {
			isa = PBXContainerItemProxy;
			containerPortal = A71A222A19CD7546008D4E75 /* Project object */;
			proxyType = 1;
			remoteGlobalIDString = A71A223119CD7547008D4E75;
			remoteInfo = Images;
		};
/* End PBXContainerItemProxy section */

/* Begin PBXFileReference section */
		A71A223219CD7547008D4E75 /* Images.app */ = {isa = PBXFileReference; explicitFileType = wrapper.application; includeInIndex = 0; path = Images.app; sourceTree = BUILT_PRODUCTS_DIR; };
		A71A223619CD7548008D4E75 /* Info.plist */ = {isa = PBXFileReference; lastKnownFileType = text.plist.xml; path = Info.plist; sourceTree = "<group>"; };
		A71A223719CD7548008D4E75 /* AppDelegate.swift */ = {isa = PBXFileReference; lastKnownFileType = sourcecode.swift; path = AppDelegate.swift; sourceTree = "<group>"; };
		A71A223919CD7548008D4E75 /* ViewController.swift */ = {isa = PBXFileReference; lastKnownFileType = sourcecode.swift; path = ViewController.swift; sourceTree = "<group>"; };
		A71A223C19CD7548008D4E75 /* Base */ = {isa = PBXFileReference; lastKnownFileType = file.storyboard; name = Base; path = Base.lproj/Main.storyboard; sourceTree = "<group>"; };
		A71A223E19CD7548008D4E75 /* Images.xcassets */ = {isa = PBXFileReference; lastKnownFileType = folder.assetcatalog; path = Images.xcassets; sourceTree = "<group>"; };
		A71A224119CD7548008D4E75 /* Base */ = {isa = PBXFileReference; lastKnownFileType = file.xib; name = Base; path = Base.lproj/LaunchScreen.xib; sourceTree = "<group>"; };
		A71A224719CD7548008D4E75 /* ImagesTests.xctest */ = {isa = PBXFileReference; explicitFileType = wrapper.cfbundle; includeInIndex = 0; path = ImagesTests.xctest; sourceTree = BUILT_PRODUCTS_DIR; };
		A71A224C19CD7548008D4E75 /* Info.plist */ = {isa = PBXFileReference; lastKnownFileType = text.plist.xml; path = Info.plist; sourceTree = "<group>"; };
		A71A224D19CD7548008D4E75 /* ImagesTests.swift */ = {isa = PBXFileReference; lastKnownFileType = sourcecode.swift; path = ImagesTests.swift; sourceTree = "<group>"; };
		A71A225719CD7662008D4E75 /* alien1.png */ = {isa = PBXFileReference; lastKnownFileType = image.png; path = alien1.png; sourceTree = "<group>"; };
		A71A225819CD7663008D4E75 /* alien2.png */ = {isa = PBXFileReference; lastKnownFileType = image.png; path = alien2.png; sourceTree = "<group>"; };
		A71A225919CD7663008D4E75 /* alien3.png */ = {isa = PBXFileReference; lastKnownFileType = image.png; path = alien3.png; sourceTree = "<group>"; };
		A71A225A19CD7663008D4E75 /* alien4.png */ = {isa = PBXFileReference; lastKnownFileType = image.png; path = alien4.png; sourceTree = "<group>"; };
		A71A225B19CD7663008D4E75 /* alien5.png */ = {isa = PBXFileReference; lastKnownFileType = image.png; path = alien5.png; sourceTree = "<group>"; };
/* End PBXFileReference section */

/* Begin PBXFrameworksBuildPhase section */
		A71A222F19CD7547008D4E75 /* Frameworks */ = {
			isa = PBXFrameworksBuildPhase;
			buildActionMask = 2147483647;
			files = (
			);
			runOnlyForDeploymentPostprocessing = 0;
		};
		A71A224419CD7548008D4E75 /* Frameworks */ = {
			isa = PBXFrameworksBuildPhase;
			buildActionMask = 2147483647;
			files = (
			);
			runOnlyForDeploymentPostprocessing = 0;
		};
/* End PBXFrameworksBuildPhase section */

/* Begin PBXGroup section */
		A71A222919CD7546008D4E75 = {
			isa = PBXGroup;
			children = (
				A71A223419CD7547008D4E75 /* Images */,
				A71A224A19CD7548008D4E75 /* ImagesTests */,
				A71A223319CD7547008D4E75 /* Products */,
			);
			sourceTree = "<group>";
		};
		A71A223319CD7547008D4E75 /* Products */ = {
			isa = PBXGroup;
			children = (
				A71A223219CD7547008D4E75 /* Images.app */,
				A71A224719CD7548008D4E75 /* ImagesTests.xctest */,
			);
			name = Products;
			sourceTree = "<group>";
		};
		A71A223419CD7547008D4E75 /* Images */ = {
			isa = PBXGroup;
			children = (
				A71A225719CD7662008D4E75 /* alien1.png */,
				A71A225819CD7663008D4E75 /* alien2.png */,
				A71A225919CD7663008D4E75 /* alien3.png */,
				A71A225A19CD7663008D4E75 /* alien4.png */,
				A71A225B19CD7663008D4E75 /* alien5.png */,
				A71A223719CD7548008D4E75 /* AppDelegate.swift */,
				A71A223919CD7548008D4E75 /* ViewController.swift */,
				A71A223B19CD7548008D4E75 /* Main.storyboard */,
				A71A223E19CD7548008D4E75 /* Images.xcassets */,
				A71A224019CD7548008D4E75 /* LaunchScreen.xib */,
				A71A223519CD7548008D4E75 /* Supporting Files */,
			);
			path = Images;
			sourceTree = "<group>";
		};
		A71A223519CD7548008D4E75 /* Supporting Files */ = {
			isa = PBXGroup;
			children = (
				A71A223619CD7548008D4E75 /* Info.plist */,
			);
			name = "Supporting Files";
			sourceTree = "<group>";
		};
		A71A224A19CD7548008D4E75 /* ImagesTests */ = {
			isa = PBXGroup;
			children = (
				A71A224D19CD7548008D4E75 /* ImagesTests.swift */,
				A71A224B19CD7548008D4E75 /* Supporting Files */,
			);
			path = ImagesTests;
			sourceTree = "<group>";
		};
		A71A224B19CD7548008D4E75 /* Supporting Files */ = {
			isa = PBXGroup;
			children = (
				A71A224C19CD7548008D4E75 /* Info.plist */,
			);
			name = "Supporting Files";
			sourceTree = "<group>";
		};
/* End PBXGroup section */

/* Begin PBXNativeTarget section */
		A71A223119CD7547008D4E75 /* Images */ = {
			isa = PBXNativeTarget;
			buildConfigurationList = A71A225119CD7548008D4E75 /* Build configuration list for PBXNativeTarget "Images" */;
			buildPhases = (
				A71A222E19CD7547008D4E75 /* Sources */,
				A71A222F19CD7547008D4E75 /* Frameworks */,
				A71A223019CD7547008D4E75 /* Resources */,
			);
			buildRules = (
			);
			dependencies = (
			);
			name = Images;
			productName = Images;
			productReference = A71A223219CD7547008D4E75 /* Images.app */;
			productType = "com.apple.product-type.application";
		};
		A71A224619CD7548008D4E75 /* ImagesTests */ = {
			isa = PBXNativeTarget;
			buildConfigurationList = A71A225419CD7548008D4E75 /* Build configuration list for PBXNativeTarget "ImagesTests" */;
			buildPhases = (
				A71A224319CD7548008D4E75 /* Sources */,
				A71A224419CD7548008D4E75 /* Frameworks */,
				A71A224519CD7548008D4E75 /* Resources */,
			);
			buildRules = (
			);
			dependencies = (
				A71A224919CD7548008D4E75 /* PBXTargetDependency */,
			);
			name = ImagesTests;
			productName = ImagesTests;
			productReference = A71A224719CD7548008D4E75 /* ImagesTests.xctest */;
			productType = "com.apple.product-type.bundle.unit-test";
		};
/* End PBXNativeTarget section */

/* Begin PBXProject section */
		A71A222A19CD7546008D4E75 /* Project object */ = {
			isa = PBXProject;
			attributes = {
				LastUpgradeCheck = 0610;
				ORGANIZATIONNAME = "Nathanial L. McConnell";
				TargetAttributes = {
					A71A223119CD7547008D4E75 = {
						CreatedOnToolsVersion = 6.1;
					};
					A71A224619CD7548008D4E75 = {
						CreatedOnToolsVersion = 6.1;
						TestTargetID = A71A223119CD7547008D4E75;
					};
				};
			};
			buildConfigurationList = A71A222D19CD7546008D4E75 /* Build configuration list for PBXProject "Images" */;
			compatibilityVersion = "Xcode 3.2";
			developmentRegion = English;
			hasScannedForEncodings = 0;
			knownRegions = (
				en,
				Base,
			);
			mainGroup = A71A222919CD7546008D4E75;
			productRefGroup = A71A223319CD7547008D4E75 /* Products */;
			projectDirPath = "";
			projectRoot = "";
			targets = (
				A71A223119CD7547008D4E75 /* Images */,
				A71A224619CD7548008D4E75 /* ImagesTests */,
			);
		};
/* End PBXProject section */

/* Begin PBXResourcesBuildPhase section */
		A71A223019CD7547008D4E75 /* Resources */ = {
			isa = PBXResourcesBuildPhase;
			buildActionMask = 2147483647;
			files = (
				A71A223D19CD7548008D4E75 /* Main.storyboard in Resources */,
				A71A224219CD7548008D4E75 /* LaunchScreen.xib in Resources */,
				A71A223F19CD7548008D4E75 /* Images.xcassets in Resources */,
				A71A226019CD7663008D4E75 /* alien5.png in Resources */,
				A71A225C19CD7663008D4E75 /* alien1.png in Resources */,
				A71A225D19CD7663008D4E75 /* alien2.png in Resources */,
				A71A225F19CD7663008D4E75 /* alien4.png in Resources */,
				A71A225E19CD7663008D4E75 /* alien3.png in Resources */,
			);
			runOnlyForDeploymentPostprocessing = 0;
		};
		A71A224519CD7548008D4E75 /* Resources */ = {
			isa = PBXResourcesBuildPhase;
			buildActionMask = 2147483647;
			files = (
			);
			runOnlyForDeploymentPostprocessing = 0;
		};
/* End PBXResourcesBuildPhase section */

/* Begin PBXSourcesBuildPhase section */
		A71A222E19CD7547008D4E75 /* Sources */ = {
			isa = PBXSourcesBuildPhase;
			buildActionMask = 2147483647;
			files = (
				A71A223A19CD7548008D4E75 /* ViewController.swift in Sources */,
				A71A223819CD7548008D4E75 /* AppDelegate.swift in Sources */,
			);
			runOnlyForDeploymentPostprocessing = 0;
		};
		A71A224319CD7548008D4E75 /* Sources */ = {
			isa = PBXSourcesBuildPhase;
			buildActionMask = 2147483647;
			files = (
				A71A224E19CD7548008D4E75 /* ImagesTests.swift in Sources */,
			);
			runOnlyForDeploymentPostprocessing = 0;
		};
/* End PBXSourcesBuildPhase section */

/* Begin PBXTargetDependency section */
		A71A224919CD7548008D4E75 /* PBXTargetDependency */ = {
			isa = PBXTargetDependency;
			target = A71A223119CD7547008D4E75 /* Images */;
			targetProxy = A71A224819CD7548008D4E75 /* PBXContainerItemProxy */;
		};
/* End PBXTargetDependency section */

/* Begin PBXVariantGroup section */
		A71A223B19CD7548008D4E75 /* Main.storyboard */ = {
			isa = PBXVariantGroup;
			children = (
				A71A223C19CD7548008D4E75 /* Base */,
			);
			name = Main.storyboard;
			sourceTree = "<group>";
		};
		A71A224019CD7548008D4E75 /* LaunchScreen.xib */ = {
			isa = PBXVariantGroup;
			children = (
				A71A224119CD7548008D4E75 /* Base */,
			);
			name = LaunchScreen.xib;
			sourceTree = "<group>";
		};
/* End PBXVariantGroup section */

/* Begin XCBuildConfiguration section */
		A71A224F19CD7548008D4E75 /* Debug */ = {
			isa = XCBuildConfiguration;
			buildSettings = {
				ALWAYS_SEARCH_USER_PATHS = NO;
				CLANG_CXX_LANGUAGE_STANDARD = "gnu++0x";
				CLANG_CXX_LIBRARY = "libc++";
				CLANG_ENABLE_MODULES = YES;
				CLANG_ENABLE_OBJC_ARC = YES;
				CLANG_WARN_BOOL_CONVERSION = YES;
				CLANG_WARN_CONSTANT_CONVERSION = YES;
				CLANG_WARN_DIRECT_OBJC_ISA_USAGE = YES_ERROR;
				CLANG_WARN_EMPTY_BODY = YES;
				CLANG_WARN_ENUM_CONVERSION = YES;
				CLANG_WARN_INT_CONVERSION = YES;
				CLANG_WARN_OBJC_ROOT_CLASS = YES_ERROR;
				CLANG_WARN_UNREACHABLE_CODE = YES;
				CLANG_WARN__DUPLICATE_METHOD_MATCH = YES;
				"CODE_SIGN_IDENTITY[sdk=iphoneos*]" = "iPhone Developer";
				COPY_PHASE_STRIP = NO;
				ENABLE_STRICT_OBJC_MSGSEND = YES;
				GCC_C_LANGUAGE_STANDARD = gnu99;
				GCC_DYNAMIC_NO_PIC = NO;
				GCC_OPTIMIZATION_LEVEL = 0;
				GCC_PREPROCESSOR_DEFINITIONS = (
					"DEBUG=1",
					"$(inherited)",
				);
				GCC_SYMBOLS_PRIVATE_EXTERN = NO;
				GCC_WARN_64_TO_32_BIT_CONVERSION = YES;
				GCC_WARN_ABOUT_RETURN_TYPE = YES_ERROR;
				GCC_WARN_UNDECLARED_SELECTOR = YES;
				GCC_WARN_UNINITIALIZED_AUTOS = YES_AGGRESSIVE;
				GCC_WARN_UNUSED_FUNCTION = YES;
				GCC_WARN_UNUSED_VARIABLE = YES;
				IPHONEOS_DEPLOYMENT_TARGET = 8.0;
				MTL_ENABLE_DEBUG_INFO = YES;
				ONLY_ACTIVE_ARCH = YES;
				SDKROOT = iphoneos;
				SWIFT_OPTIMIZATION_LEVEL = "-Onone";
			};
			name = Debug;
		};
		A71A225019CD7548008D4E75 /* Release */ = {
			isa = XCBuildConfiguration;
			buildSettings = {
				ALWAYS_SEARCH_USER_PATHS = NO;
				CLANG_CXX_LANGUAGE_STANDARD = "gnu++0x";
				CLANG_CXX_LIBRARY = "libc++";
				CLANG_ENABLE_MODULES = YES;
				CLANG_ENABLE_OBJC_ARC = YES;
				CLANG_WARN_BOOL_CONVERSION = YES;
				CLANG_WARN_CONSTANT_CONVERSION = YES;
				CLANG_WARN_DIRECT_OBJC_ISA_USAGE = YES_ERROR;
				CLANG_WARN_EMPTY_BODY = YES;
				CLANG_WARN_ENUM_CONVERSION = YES;
				CLANG_WARN_INT_CONVERSION = YES;
				CLANG_WARN_OBJC_ROOT_CLASS = YES_ERROR;
				CLANG_WARN_UNREACHABLE_CODE = YES;
				CLANG_WARN__DUPLICATE_METHOD_MATCH = YES;
				"CODE_SIGN_IDENTITY[sdk=iphoneos*]" = "iPhone Developer";
				COPY_PHASE_STRIP = YES;
				ENABLE_NS_ASSERTIONS = NO;
				ENABLE_STRICT_OBJC_MSGSEND = YES;
				GCC_C_LANGUAGE_STANDARD = gnu99;
				GCC_WARN_64_TO_32_BIT_CONVERSION = YES;
				GCC_WARN_ABOUT_RETURN_TYPE = YES_ERROR;
				GCC_WARN_UNDECLARED_SELECTOR = YES;
				GCC_WARN_UNINITIALIZED_AUTOS = YES_AGGRESSIVE;
				GCC_WARN_UNUSED_FUNCTION = YES;
				GCC_WARN_UNUSED_VARIABLE = YES;
				IPHONEOS_DEPLOYMENT_TARGET = 8.0;
				MTL_ENABLE_DEBUG_INFO = NO;
				SDKROOT = iphoneos;
				VALIDATE_PRODUCT = YES;
			};
			name = Release;
		};
		A71A225219CD7548008D4E75 /* Debug */ = {
			isa = XCBuildConfiguration;
			buildSettings = {
				ASSETCATALOG_COMPILER_APPICON_NAME = AppIcon;
				INFOPLIST_FILE = Images/Info.plist;
				LD_RUNPATH_SEARCH_PATHS = "$(inherited) @executable_path/Frameworks";
				PRODUCT_NAME = "$(TARGET_NAME)";
			};
			name = Debug;
		};
		A71A225319CD7548008D4E75 /* Release */ = {
			isa = XCBuildConfiguration;
			buildSettings = {
				ASSETCATALOG_COMPILER_APPICON_NAME = AppIcon;
				INFOPLIST_FILE = Images/Info.plist;
				LD_RUNPATH_SEARCH_PATHS = "$(inherited) @executable_path/Frameworks";
				PRODUCT_NAME = "$(TARGET_NAME)";
			};
			name = Release;
		};
		A71A225519CD7548008D4E75 /* Debug */ = {
			isa = XCBuildConfiguration;
			buildSettings = {
				BUNDLE_LOADER = "$(TEST_HOST)";
				FRAMEWORK_SEARCH_PATHS = (
					"$(SDKROOT)/Developer/Library/Frameworks",
					"$(inherited)",
				);
				GCC_PREPROCESSOR_DEFINITIONS = (
					"DEBUG=1",
					"$(inherited)",
				);
				INFOPLIST_FILE = ImagesTests/Info.plist;
				LD_RUNPATH_SEARCH_PATHS = "$(inherited) @executable_path/Frameworks @loader_path/Frameworks";
				PRODUCT_NAME = "$(TARGET_NAME)";
				TEST_HOST = "$(BUILT_PRODUCTS_DIR)/Images.app/Images";
			};
			name = Debug;
		};
		A71A225619CD7548008D4E75 /* Release */ = {
			isa = XCBuildConfiguration;
			buildSettings = {
				BUNDLE_LOADER = "$(TEST_HOST)";
				FRAMEWORK_SEARCH_PATHS = (
					"$(SDKROOT)/Developer/Library/Frameworks",
					"$(inherited)",
				);
				INFOPLIST_FILE = ImagesTests/Info.plist;
				LD_RUNPATH_SEARCH_PATHS = "$(inherited) @executable_path/Frameworks @loader_path/Frameworks";
				PRODUCT_NAME = "$(TARGET_NAME)";
				TEST_HOST = "$(BUILT_PRODUCTS_DIR)/Images.app/Images";
			};
			name = Release;
		};
/* End XCBuildConfiguration section */

/* Begin XCConfigurationList section */
		A71A222D19CD7546008D4E75 /* Build configuration list for PBXProject "Images" */ = {
			isa = XCConfigurationList;
			buildConfigurations = (
				A71A224F19CD7548008D4E75 /* Debug */,
				A71A225019CD7548008D4E75 /* Release */,
			);
			defaultConfigurationIsVisible = 0;
			defaultConfigurationName = Release;
		};
		A71A225119CD7548008D4E75 /* Build configuration list for PBXNativeTarget "Images" */ = {
			isa = XCConfigurationList;
			buildConfigurations = (
				A71A225219CD7548008D4E75 /* Debug */,
				A71A225319CD7548008D4E75 /* Release */,
			);
			defaultConfigurationIsVisible = 0;
		};
		A71A225419CD7548008D4E75 /* Build configuration list for PBXNativeTarget "ImagesTests" */ = {
			isa = XCConfigurationList;
			buildConfigurations = (
				A71A225519CD7548008D4E75 /* Debug */,
				A71A225619CD7548008D4E75 /* Release */,
			);
			defaultConfigurationIsVisible = 0;
		};
/* End XCConfigurationList section */
	};
	rootObject = A71A222A19CD7546008D4E75 /* Project object */;
}
